
Microsoft Visual Studio Solution File, Format Version 12.00
# Visual Studio Version 16
VisualStudioVersion = 16.0.31729.503
MinimumVisualStudioVersion = 10.0.40219.1
Project("{FAE04EC0-301F-11D3-BF4B-00C04F79EFBC}") = "getdemo", "getdemo\getdemo.csproj", "{7FB58950-9D8E-4DFA-83CA-BDF0C637A6C8}"
EndProject
Global
	GlobalSection(SolutionConfigurationPlatforms) = preSolution
		Debug|Any CPU = Debug|Any CPU
		Release|Any CPU = Release|Any CPU
	EndGlobalSection
	GlobalSection(ProjectConfigurationPlatforms) = postSolution
		{7FB58950-9D8E-4DFA-83CA-BDF0C637A6C8}.Debug|Any CPU.ActiveCfg = Debug|Any CPU
		{7FB58950-9D8E-4DFA-83CA-BDF0C637A6C8}.Debug|Any CPU.Build.0 = Debug|Any CPU
		{7FB58950-9D8E-4DFA-83CA-BDF0C637A6C8}.Release|Any CPU.ActiveCfg = Release|Any CPU
		{7FB58950-9D8E-4DFA-83CA-BDF0C637A6C8}.Release|Any CPU.Build.0 = Release|Any CPU
	EndGlobalSection
	GlobalSection(SolutionProperties) = preSolution
		HideSolutionNode = FALSE
	EndGlobalSection
	GlobalSection(ExtensibilityGlobals) = postSolution
		SolutionGuid = {0647D09D-D835-4967-AF42-E6D2EA48491D}
	EndGlobalSection
EndGlobal
